
Microsoft Visual Studio Solution File, Format Version 12.00
# Visual Studio Version 17
VisualStudioVersion = 17.7.34018.315
MinimumVisualStudioVersion = 10.0.40219.1
Project("{FAE04EC0-301F-11D3-BF4B-00C04F79EFBC}") = "GIt Test", "GIt Test\GIt Test.csproj", "{38A64489-ED7A-469C-B4B6-134869CF9AE5}"
EndProject
Global
	GlobalSection(SolutionConfigurationPlatforms) = preSolution
		Debug|Any CPU = Debug|Any CPU
		Release|Any CPU = Release|Any CPU
	EndGlobalSection
	GlobalSection(ProjectConfigurationPlatforms) = postSolution
		{38A64489-ED7A-469C-B4B6-134869CF9AE5}.Debug|Any CPU.ActiveCfg = Debug|Any CPU
		{38A64489-ED7A-469C-B4B6-134869CF9AE5}.Debug|Any CPU.Build.0 = Debug|Any CPU
		{38A64489-ED7A-469C-B4B6-134869CF9AE5}.Release|Any CPU.ActiveCfg = Release|Any CPU
		{38A64489-ED7A-469C-B4B6-134869CF9AE5}.Release|Any CPU.Build.0 = Release|Any CPU
	EndGlobalSection
	GlobalSection(SolutionProperties) = preSolution
		HideSolutionNode = FALSE
	EndGlobalSection
	GlobalSection(ExtensibilityGlobals) = postSolution
		SolutionGuid = {349A939A-5E25-40E7-8EA4-4D179CE12A3E}
	EndGlobalSection
EndGlobal
